// !$*UTF8*$!
{
	archiveVersion = 1;
	classes = {
	};
	objectVersion = 55;
	objects = {

/* Begin PBXBuildFile section */
		45833DDA2861E4970054AD5F /* Main.xcdatamodeld in Sources */ = {isa = PBXBuildFile; fileRef = 45833DD82861E4970054AD5F /* Main.xcdatamodeld */; };
		45833DDC286333D80054AD5F /* DataController.swift in Sources */ = {isa = PBXBuildFile; fileRef = 45833DDB286333D80054AD5F /* DataController.swift */; };
		45833DDF2866D7250054AD5F /* HomeView.swift in Sources */ = {isa = PBXBuildFile; fileRef = 45833DDE2866D7250054AD5F /* HomeView.swift */; };
		45833DE12866D7DB0054AD5F /* ProjectView.swift in Sources */ = {isa = PBXBuildFile; fileRef = 45833DE02866D7DB0054AD5F /* ProjectView.swift */; };
		459D5BD228683AF600035006 /* Item+CoreDataHelpers.swift in Sources */ = {isa = PBXBuildFile; fileRef = 459D5BD128683AF600035006 /* Item+CoreDataHelpers.swift */; };
		459D5BD428683BCF00035006 /* Project+CoreDataHelpers.swift in Sources */ = {isa = PBXBuildFile; fileRef = 459D5BD328683BCF00035006 /* Project+CoreDataHelpers.swift */; };
		459D5BD6286845A500035006 /* EditItemView.swift in Sources */ = {isa = PBXBuildFile; fileRef = 459D5BD5286845A500035006 /* EditItemView.swift */; };
		45F5DFEC284E116B00BD223A /* SwiftUIPracticeAppApp.swift in Sources */ = {isa = PBXBuildFile; fileRef = 45F5DFEB284E116B00BD223A /* SwiftUIPracticeAppApp.swift */; };
		45F5DFEE284E116B00BD223A /* ContentView.swift in Sources */ = {isa = PBXBuildFile; fileRef = 45F5DFED284E116B00BD223A /* ContentView.swift */; };
		45F5DFF0284E116E00BD223A /* Assets.xcassets in Resources */ = {isa = PBXBuildFile; fileRef = 45F5DFEF284E116E00BD223A /* Assets.xcassets */; };
		45F5DFF3284E116E00BD223A /* Preview Assets.xcassets in Resources */ = {isa = PBXBuildFile; fileRef = 45F5DFF2284E116E00BD223A /* Preview Assets.xcassets */; };
/* End PBXBuildFile section */

/* Begin PBXFileReference section */
		45833DD92861E4970054AD5F /* Main.xcdatamodel */ = {isa = PBXFileReference; lastKnownFileType = wrapper.xcdatamodel; path = Main.xcdatamodel; sourceTree = "<group>"; };
		45833DDB286333D80054AD5F /* DataController.swift */ = {isa = PBXFileReference; lastKnownFileType = sourcecode.swift; path = DataController.swift; sourceTree = "<group>"; };
		45833DDD2863411B0054AD5F /* Info.plist */ = {isa = PBXFileReference; lastKnownFileType = text.plist; path = Info.plist; sourceTree = "<group>"; };
		45833DDE2866D7250054AD5F /* HomeView.swift */ = {isa = PBXFileReference; lastKnownFileType = sourcecode.swift; path = HomeView.swift; sourceTree = "<group>"; };
		45833DE02866D7DB0054AD5F /* ProjectView.swift */ = {isa = PBXFileReference; lastKnownFileType = sourcecode.swift; path = ProjectView.swift; sourceTree = "<group>"; };
		459D5BD128683AF600035006 /* Item+CoreDataHelpers.swift */ = {isa = PBXFileReference; lastKnownFileType = sourcecode.swift; path = "Item+CoreDataHelpers.swift"; sourceTree = "<group>"; };
		459D5BD328683BCF00035006 /* Project+CoreDataHelpers.swift */ = {isa = PBXFileReference; lastKnownFileType = sourcecode.swift; path = "Project+CoreDataHelpers.swift"; sourceTree = "<group>"; };
		459D5BD5286845A500035006 /* EditItemView.swift */ = {isa = PBXFileReference; lastKnownFileType = sourcecode.swift; path = EditItemView.swift; sourceTree = "<group>"; };
		45F5DFE8284E116B00BD223A /* SwiftUIPracticeApp.app */ = {isa = PBXFileReference; explicitFileType = wrapper.application; includeInIndex = 0; path = SwiftUIPracticeApp.app; sourceTree = BUILT_PRODUCTS_DIR; };
		45F5DFEB284E116B00BD223A /* SwiftUIPracticeAppApp.swift */ = {isa = PBXFileReference; lastKnownFileType = sourcecode.swift; path = SwiftUIPracticeAppApp.swift; sourceTree = "<group>"; };
		45F5DFED284E116B00BD223A /* ContentView.swift */ = {isa = PBXFileReference; lastKnownFileType = sourcecode.swift; path = ContentView.swift; sourceTree = "<group>"; };
		45F5DFEF284E116E00BD223A /* Assets.xcassets */ = {isa = PBXFileReference; lastKnownFileType = folder.assetcatalog; path = Assets.xcassets; sourceTree = "<group>"; };
		45F5DFF2284E116E00BD223A /* Preview Assets.xcassets */ = {isa = PBXFileReference; lastKnownFileType = folder.assetcatalog; path = "Preview Assets.xcassets"; sourceTree = "<group>"; };
/* End PBXFileReference section */

/* Begin PBXFrameworksBuildPhase section */
		45F5DFE5284E116B00BD223A /* Frameworks */ = {
			isa = PBXFrameworksBuildPhase;
			buildActionMask = 2147483647;
			files = (
			);
			runOnlyForDeploymentPostprocessing = 0;
		};
/* End PBXFrameworksBuildPhase section */

/* Begin PBXGroup section */
		459D5BD028683AC300035006 /* CoreData */ = {
			isa = PBXGroup;
			children = (
				45833DDB286333D80054AD5F /* DataController.swift */,
				459D5BD128683AF600035006 /* Item+CoreDataHelpers.swift */,
				459D5BD328683BCF00035006 /* Project+CoreDataHelpers.swift */,
				45833DD82861E4970054AD5F /* Main.xcdatamodeld */,
			);
			path = CoreData;
			sourceTree = "<group>";
		};
		45F5DFDF284E116B00BD223A = {
			isa = PBXGroup;
			children = (
				45F5DFEA284E116B00BD223A /* SwiftUIPracticeApp */,
				45F5DFE9284E116B00BD223A /* Products */,
			);
			sourceTree = "<group>";
		};
		45F5DFE9284E116B00BD223A /* Products */ = {
			isa = PBXGroup;
			children = (
				45F5DFE8284E116B00BD223A /* SwiftUIPracticeApp.app */,
			);
			name = Products;
			sourceTree = "<group>";
		};
		45F5DFEA284E116B00BD223A /* SwiftUIPracticeApp */ = {
			isa = PBXGroup;
			children = (
				45F5DFF1284E116E00BD223A /* Preview Content */,
				459D5BD028683AC300035006 /* CoreData */,
				45833DDD2863411B0054AD5F /* Info.plist */,
				45F5DFEF284E116E00BD223A /* Assets.xcassets */,
				45F5DFEB284E116B00BD223A /* SwiftUIPracticeAppApp.swift */,
				45F5DFED284E116B00BD223A /* ContentView.swift */,
				45833DDE2866D7250054AD5F /* HomeView.swift */,
				45833DE02866D7DB0054AD5F /* ProjectView.swift */,
				459D5BD5286845A500035006 /* EditItemView.swift */,
			);
			path = SwiftUIPracticeApp;
			sourceTree = "<group>";
		};
		45F5DFF1284E116E00BD223A /* Preview Content */ = {
			isa = PBXGroup;
			children = (
				45F5DFF2284E116E00BD223A /* Preview Assets.xcassets */,
			);
			path = "Preview Content";
			sourceTree = "<group>";
		};
/* End PBXGroup section */

/* Begin PBXNativeTarget section */
		45F5DFE7284E116B00BD223A /* SwiftUIPracticeApp */ = {
			isa = PBXNativeTarget;
			buildConfigurationList = 45F5DFF6284E116E00BD223A /* Build configuration list for PBXNativeTarget "SwiftUIPracticeApp" */;
			buildPhases = (
				45F5DFE4284E116B00BD223A /* Sources */,
				45F5DFE5284E116B00BD223A /* Frameworks */,
				45F5DFE6284E116B00BD223A /* Resources */,
			);
			buildRules = (
			);
			dependencies = (
			);
			name = SwiftUIPracticeApp;
			productName = SwiftUIPracticeApp;
			productReference = 45F5DFE8284E116B00BD223A /* SwiftUIPracticeApp.app */;
			productType = "com.apple.product-type.application";
		};
/* End PBXNativeTarget section */

/* Begin PBXProject section */
		45F5DFE0284E116B00BD223A /* Project object */ = {
			isa = PBXProject;
			attributes = {
				BuildIndependentTargetsInParallel = 1;
				LastSwiftUpdateCheck = 1320;
				LastUpgradeCheck = 1320;
				TargetAttributes = {
					45F5DFE7284E116B00BD223A = {
						CreatedOnToolsVersion = 13.2.1;
					};
				};
			};
			buildConfigurationList = 45F5DFE3284E116B00BD223A /* Build configuration list for PBXProject "SwiftUIPracticeApp" */;
			compatibilityVersion = "Xcode 13.0";
			developmentRegion = en;
			hasScannedForEncodings = 0;
			knownRegions = (
				en,
				Base,
			);
			mainGroup = 45F5DFDF284E116B00BD223A;
			productRefGroup = 45F5DFE9284E116B00BD223A /* Products */;
			projectDirPath = "";
			projectRoot = "";
			targets = (
				45F5DFE7284E116B00BD223A /* SwiftUIPracticeApp */,
			);
		};
/* End PBXProject section */

/* Begin PBXResourcesBuildPhase section */
		45F5DFE6284E116B00BD223A /* Resources */ = {
			isa = PBXResourcesBuildPhase;
			buildActionMask = 2147483647;
			files = (
				45F5DFF3284E116E00BD223A /* Preview Assets.xcassets in Resources */,
				45F5DFF0284E116E00BD223A /* Assets.xcassets in Resources */,
			);
			runOnlyForDeploymentPostprocessing = 0;
		};
/* End PBXResourcesBuildPhase section */

/* Begin PBXSourcesBuildPhase section */
		45F5DFE4284E116B00BD223A /* Sources */ = {
			isa = PBXSourcesBuildPhase;
			buildActionMask = 2147483647;
			files = (
				459D5BD428683BCF00035006 /* Project+CoreDataHelpers.swift in Sources */,
				45833DE12866D7DB0054AD5F /* ProjectView.swift in Sources */,
				45833DDA2861E4970054AD5F /* Main.xcdatamodeld in Sources */,
				45833DDC286333D80054AD5F /* DataController.swift in Sources */,
				45F5DFEE284E116B00BD223A /* ContentView.swift in Sources */,
				45833DDF2866D7250054AD5F /* HomeView.swift in Sources */,
				45F5DFEC284E116B00BD223A /* SwiftUIPracticeAppApp.swift in Sources */,
				459D5BD228683AF600035006 /* Item+CoreDataHelpers.swift in Sources */,
				459D5BD6286845A500035006 /* EditItemView.swift in Sources */,
			);
			runOnlyForDeploymentPostprocessing = 0;
		};
/* End PBXSourcesBuildPhase section */

/* Begin XCBuildConfiguration section */
		45F5DFF4284E116E00BD223A /* Debug */ = {
			isa = XCBuildConfiguration;
			buildSettings = {
				ALWAYS_SEARCH_USER_PATHS = NO;
				CLANG_ANALYZER_NONNULL = YES;
				CLANG_ANALYZER_NUMBER_OBJECT_CONVERSION = YES_AGGRESSIVE;
				CLANG_CXX_LANGUAGE_STANDARD = "gnu++17";
				CLANG_CXX_LIBRARY = "libc++";
				CLANG_ENABLE_MODULES = YES;
				CLANG_ENABLE_OBJC_ARC = YES;
				CLANG_ENABLE_OBJC_WEAK = YES;
				CLANG_WARN_BLOCK_CAPTURE_AUTORELEASING = YES;
				CLANG_WARN_BOOL_CONVERSION = YES;
				CLANG_WARN_COMMA = YES;
				CLANG_WARN_CONSTANT_CONVERSION = YES;
				CLANG_WARN_DEPRECATED_OBJC_IMPLEMENTATIONS = YES;
				CLANG_WARN_DIRECT_OBJC_ISA_USAGE = YES_ERROR;
				CLANG_WARN_DOCUMENTATION_COMMENTS = YES;
				CLANG_WARN_EMPTY_BODY = YES;
				CLANG_WARN_ENUM_CONVERSION = YES;
				CLANG_WARN_INFINITE_RECURSION = YES;
				CLANG_WARN_INT_CONVERSION = YES;
				CLANG_WARN_NON_LITERAL_NULL_CONVERSION = YES;
				CLANG_WARN_OBJC_IMPLICIT_RETAIN_SELF = YES;
				CLANG_WARN_OBJC_LITERAL_CONVERSION = YES;
				CLANG_WARN_OBJC_ROOT_CLASS = YES_ERROR;
				CLANG_WARN_QUOTED_INCLUDE_IN_FRAMEWORK_HEADER = YES;
				CLANG_WARN_RANGE_LOOP_ANALYSIS = YES;
				CLANG_WARN_STRICT_PROTOTYPES = YES;
				CLANG_WARN_SUSPICIOUS_MOVE = YES;
				CLANG_WARN_UNGUARDED_AVAILABILITY = YES_AGGRESSIVE;
				CLANG_WARN_UNREACHABLE_CODE = YES;
				CLANG_WARN__DUPLICATE_METHOD_MATCH = YES;
				COPY_PHASE_STRIP = NO;
				DEBUG_INFORMATION_FORMAT = dwarf;
				ENABLE_STRICT_OBJC_MSGSEND = YES;
				ENABLE_TESTABILITY = YES;
				GCC_C_LANGUAGE_STANDARD = gnu11;
				GCC_DYNAMIC_NO_PIC = NO;
				GCC_NO_COMMON_BLOCKS = YES;
				GCC_OPTIMIZATION_LEVEL = 0;
				GCC_PREPROCESSOR_DEFINITIONS = (
					"DEBUG=1",
					"$(inherited)",
				);
				GCC_WARN_64_TO_32_BIT_CONVERSION = YES;
				GCC_WARN_ABOUT_RETURN_TYPE = YES_ERROR;
				GCC_WARN_UNDECLARED_SELECTOR = YES;
				GCC_WARN_UNINITIALIZED_AUTOS = YES_AGGRESSIVE;
				GCC_WARN_UNUSED_FUNCTION = YES;
				GCC_WARN_UNUSED_VARIABLE = YES;
				IPHONEOS_DEPLOYMENT_TARGET = 15.2;
				MTL_ENABLE_DEBUG_INFO = INCLUDE_SOURCE;
				MTL_FAST_MATH = YES;
				ONLY_ACTIVE_ARCH = YES;
				SDKROOT = iphoneos;
				SWIFT_ACTIVE_COMPILATION_CONDITIONS = DEBUG;
				SWIFT_OPTIMIZATION_LEVEL = "-Onone";
			};
			name = Debug;
		};
		45F5DFF5284E116E00BD223A /* Release */ = {
			isa = XCBuildConfiguration;
			buildSettings = {
				ALWAYS_SEARCH_USER_PATHS = NO;
				CLANG_ANALYZER_NONNULL = YES;
				CLANG_ANALYZER_NUMBER_OBJECT_CONVERSION = YES_AGGRESSIVE;
				CLANG_CXX_LANGUAGE_STANDARD = "gnu++17";
				CLANG_CXX_LIBRARY = "libc++";
				CLANG_ENABLE_MODULES = YES;
				CLANG_ENABLE_OBJC_ARC = YES;
				CLANG_ENABLE_OBJC_WEAK = YES;
				CLANG_WARN_BLOCK_CAPTURE_AUTORELEASING = YES;
				CLANG_WARN_BOOL_CONVERSION = YES;
				CLANG_WARN_COMMA = YES;
				CLANG_WARN_CONSTANT_CONVERSION = YES;
				CLANG_WARN_DEPRECATED_OBJC_IMPLEMENTATIONS = YES;
				CLANG_WARN_DIRECT_OBJC_ISA_USAGE = YES_ERROR;
				CLANG_WARN_DOCUMENTATION_COMMENTS = YES;
				CLANG_WARN_EMPTY_BODY = YES;
				CLANG_WARN_ENUM_CONVERSION = YES;
				CLANG_WARN_INFINITE_RECURSION = YES;
				CLANG_WARN_INT_CONVERSION = YES;
				CLANG_WARN_NON_LITERAL_NULL_CONVERSION = YES;
				CLANG_WARN_OBJC_IMPLICIT_RETAIN_SELF = YES;
				CLANG_WARN_OBJC_LITERAL_CONVERSION = YES;
				CLANG_WARN_OBJC_ROOT_CLASS = YES_ERROR;
				CLANG_WARN_QUOTED_INCLUDE_IN_FRAMEWORK_HEADER = YES;
				CLANG_WARN_RANGE_LOOP_ANALYSIS = YES;
				CLANG_WARN_STRICT_PROTOTYPES = YES;
				CLANG_WARN_SUSPICIOUS_MOVE = YES;
				CLANG_WARN_UNGUARDED_AVAILABILITY = YES_AGGRESSIVE;
				CLANG_WARN_UNREACHABLE_CODE = YES;
				CLANG_WARN__DUPLICATE_METHOD_MATCH = YES;
				COPY_PHASE_STRIP = NO;
				DEBUG_INFORMATION_FORMAT = "dwarf-with-dsym";
				ENABLE_NS_ASSERTIONS = NO;
				ENABLE_STRICT_OBJC_MSGSEND = YES;
				GCC_C_LANGUAGE_STANDARD = gnu11;
				GCC_NO_COMMON_BLOCKS = YES;
				GCC_WARN_64_TO_32_BIT_CONVERSION = YES;
				GCC_WARN_ABOUT_RETURN_TYPE = YES_ERROR;
				GCC_WARN_UNDECLARED_SELECTOR = YES;
				GCC_WARN_UNINITIALIZED_AUTOS = YES_AGGRESSIVE;
				GCC_WARN_UNUSED_FUNCTION = YES;
				GCC_WARN_UNUSED_VARIABLE = YES;
				IPHONEOS_DEPLOYMENT_TARGET = 15.2;
				MTL_ENABLE_DEBUG_INFO = NO;
				MTL_FAST_MATH = YES;
				SDKROOT = iphoneos;
				SWIFT_COMPILATION_MODE = wholemodule;
				SWIFT_OPTIMIZATION_LEVEL = "-O";
				VALIDATE_PRODUCT = YES;
			};
			name = Release;
		};
		45F5DFF7284E116E00BD223A /* Debug */ = {
			isa = XCBuildConfiguration;
			buildSettings = {
				ASSETCATALOG_COMPILER_APPICON_NAME = AppIcon;
				ASSETCATALOG_COMPILER_GLOBAL_ACCENT_COLOR_NAME = AccentColor;
				CODE_SIGN_STYLE = Automatic;
				CURRENT_PROJECT_VERSION = 1;
				DEVELOPMENT_ASSET_PATHS = "\"SwiftUIPracticeApp/Preview Content\"";
				DEVELOPMENT_TEAM = 433LH3TNXX;
				ENABLE_PREVIEWS = YES;
				GENERATE_INFOPLIST_FILE = YES;
				INFOPLIST_FILE = SwiftUIPracticeApp/Info.plist;
				INFOPLIST_KEY_UIApplicationSceneManifest_Generation = YES;
				INFOPLIST_KEY_UIApplicationSupportsIndirectInputEvents = YES;
				INFOPLIST_KEY_UILaunchScreen_Generation = YES;
				INFOPLIST_KEY_UISupportedInterfaceOrientations_iPad = "UIInterfaceOrientationPortrait UIInterfaceOrientationPortraitUpsideDown UIInterfaceOrientationLandscapeLeft UIInterfaceOrientationLandscapeRight";
				INFOPLIST_KEY_UISupportedInterfaceOrientations_iPhone = "UIInterfaceOrientationPortrait UIInterfaceOrientationLandscapeLeft UIInterfaceOrientationLandscapeRight";
				IPHONEOS_DEPLOYMENT_TARGET = 16.0;
				LD_RUNPATH_SEARCH_PATHS = (
					"$(inherited)",
					"@executable_path/Frameworks",
				);
				MARKETING_VERSION = 1.0;
				PRODUCT_BUNDLE_IDENTIFIER = com.yeonBlue.SwiftUIPracticeApp;
				PRODUCT_NAME = "$(TARGET_NAME)";
				SWIFT_EMIT_LOC_STRINGS = YES;
				SWIFT_VERSION = 5.0;
				TARGETED_DEVICE_FAMILY = "1,2";
			};
			name = Debug;
		};
		45F5DFF8284E116E00BD223A /* Release */ = {
			isa = XCBuildConfiguration;
			buildSettings = {
				ASSETCATALOG_COMPILER_APPICON_NAME = AppIcon;
				ASSETCATALOG_COMPILER_GLOBAL_ACCENT_COLOR_NAME = AccentColor;
				CODE_SIGN_STYLE = Automatic;
				CURRENT_PROJECT_VERSION = 1;
				DEVELOPMENT_ASSET_PATHS = "\"SwiftUIPracticeApp/Preview Content\"";
				DEVELOPMENT_TEAM = 433LH3TNXX;
				ENABLE_PREVIEWS = YES;
				GENERATE_INFOPLIST_FILE = YES;
				INFOPLIST_FILE = SwiftUIPracticeApp/Info.plist;
				INFOPLIST_KEY_UIApplicationSceneManifest_Generation = YES;
				INFOPLIST_KEY_UIApplicationSupportsIndirectInputEvents = YES;
				INFOPLIST_KEY_UILaunchScreen_Generation = YES;
				INFOPLIST_KEY_UISupportedInterfaceOrientations_iPad = "UIInterfaceOrientationPortrait UIInterfaceOrientationPortraitUpsideDown UIInterfaceOrientationLandscapeLeft UIInterfaceOrientationLandscapeRight";
				INFOPLIST_KEY_UISupportedInterfaceOrientations_iPhone = "UIInterfaceOrientationPortrait UIInterfaceOrientationLandscapeLeft UIInterfaceOrientationLandscapeRight";
				IPHONEOS_DEPLOYMENT_TARGET = 16.0;
				LD_RUNPATH_SEARCH_PATHS = (
					"$(inherited)",
					"@executable_path/Frameworks",
				);
				MARKETING_VERSION = 1.0;
				PRODUCT_BUNDLE_IDENTIFIER = com.yeonBlue.SwiftUIPracticeApp;
				PRODUCT_NAME = "$(TARGET_NAME)";
				SWIFT_EMIT_LOC_STRINGS = YES;
				SWIFT_VERSION = 5.0;
				TARGETED_DEVICE_FAMILY = "1,2";
			};
			name = Release;
		};
/* End XCBuildConfiguration section */

/* Begin XCConfigurationList section */
		45F5DFE3284E116B00BD223A /* Build configuration list for PBXProject "SwiftUIPracticeApp" */ = {
			isa = XCConfigurationList;
			buildConfigurations = (
				45F5DFF4284E116E00BD223A /* Debug */,
				45F5DFF5284E116E00BD223A /* Release */,
			);
			defaultConfigurationIsVisible = 0;
			defaultConfigurationName = Release;
		};
		45F5DFF6284E116E00BD223A /* Build configuration list for PBXNativeTarget "SwiftUIPracticeApp" */ = {
			isa = XCConfigurationList;
			buildConfigurations = (
				45F5DFF7284E116E00BD223A /* Debug */,
				45F5DFF8284E116E00BD223A /* Release */,
			);
			defaultConfigurationIsVisible = 0;
			defaultConfigurationName = Release;
		};
/* End XCConfigurationList section */

/* Begin XCVersionGroup section */
		45833DD82861E4970054AD5F /* Main.xcdatamodeld */ = {
			isa = XCVersionGroup;
			children = (
				45833DD92861E4970054AD5F /* Main.xcdatamodel */,
			);
			currentVersion = 45833DD92861E4970054AD5F /* Main.xcdatamodel */;
			path = Main.xcdatamodeld;
			sourceTree = "<group>";
			versionGroupType = wrapper.xcdatamodel;
		};
/* End XCVersionGroup section */
	};
	rootObject = 45F5DFE0284E116B00BD223A /* Project object */;
}
